github.com/endless-net/billing/billingapi v1.0.0-rc.3 h1:AMWfJAjEp9v03cfGQyrZYrVHQYYH4yaePZg/pl3y91A=
github.com/endless-net/billing/billingapi v1.0.0-rc.3/go.mod h1:TSeHQlIjaiKNrGFVFUPzCOTzOR1Pc0PuBom0fFMwALw=
github.com/endless-net/client-api/clientapi v1.1.1 h1:4UgFc7ORoSiIDYEaeKaA6ULii43xNzH73yYkVlCbbhs=
github.com/endless-net/client-api/clientapi v1.1.1/go.mod h1:WfCT8T23ZlNR2M4og4e3HFMo4l1EAveSj5xXQUTgvNU=
github.com/endless-net/coordinator/coordinatorapi v1.0.0-rc.3 h1:7G8hiMDaoT2gQ6chQa1M/lskJYd19ET+a8hvCRax1O0=
github.com/endless-net/coordinator/coordinatorapi v1.0.0-rc.3/go.mod h1:P0yV2gKX/cyBcOA5kx/sWdf/5beKtUz+Fn5l9JyTxhY=
github.com/endless-net/identity/identityapi v1.0.0-rc.2 h1:aVyRahbpLUadhCtMoou5VRj7qCcsVRYAtJV/YQnA6jQ=
github.com/endless-net/identity/identityapi v1.0.0-rc.2/go.mod h1:nZ35QZyfQYOssVrVarhgbu5JvFDiHTnokBccTExbg4A=
github.com/endless-net/management/managementapi v1.0.0-rc.2 h1:VQFWsxwVB8qVzfDZRY/pcunQCkd0uIXjr7xYh8tug1M=
github.com/endless-net/management/managementapi v1.0.0-rc.2/go.mod h1:NZOxbcW4HdxE5cJlgvDRiFU07i3xILXwmS+7Gkg80i8=
github.com/endless-net/relay v1.1.4 h1:1Oh+AU4iab/83yNDA3YY3ekBFzjvLzEEQuB1b5cY70k=
github.com/endless-net/relay v1.1.4/go.mod h1:N7ZQeRUH5TJE5FxsvcdTn0SNFT82YFmgO1Su1GXaAj0=
github.com/endless-net/service-kit v1.0.1 h1:OiZ4MUtc/0yIXKCvM6jwMJxxc8DDzLNjSJTuzUBCTgA=
github.com/endless-net/service-kit v1.0.1/go.mod h1:GInty+Z8C7fTK9A/pEHOzMBnZg4GP4f34fsGQ4ZN84Y=
github.com/endless-net/signing/signingapi v1.0.0 h1:ptpB1EHgP9JExPKjMTJzo0hrQDBzR/cu1NyKGQX8WOY=
github.com/endless-net/signing/signingapi v1.0.0/go.mod h1:41Hyv3jy31YO8qVmkAdAwcTpDooq31OzaxV/20TcYlM=
golang.org/x/crypto v0.53.0 h1:QZ4Muo8THX6CizN2vPPd5fBGHyogrdK9fG4wLPFUsto=
golang.org/x/crypto v0.53.0/go.mod h1:DNLU434OwVakk9PzuwV8w62mAJpRJL3vsgcfp4Qnsio=
